
Microsoft Visual Studio Solution File, Format Version 12.00
# Visual Studio Version 16
VisualStudioVersion = 16.0.28803.452
MinimumVisualStudioVersion = 10.0.40219.1
Project("{C9674DCB-5085-4A16-B785-4C70DD1589BD}") = "Northwind", "Northwind\Northwind.dtproj", "{B674C76C-963C-4AEC-BBC0-3B568FBA686D}"
EndProject
Global
	GlobalSection(SolutionConfigurationPlatforms) = preSolution
		Development|Default = Development|Default
	EndGlobalSection
	GlobalSection(ProjectConfigurationPlatforms) = postSolution
		{B674C76C-963C-4AEC-BBC0-3B568FBA686D}.Development|Default.ActiveCfg = Development
		{B674C76C-963C-4AEC-BBC0-3B568FBA686D}.Development|Default.Build.0 = Development
	EndGlobalSection
	GlobalSection(SolutionProperties) = preSolution
		HideSolutionNode = FALSE
	EndGlobalSection
	GlobalSection(ExtensibilityGlobals) = postSolution
		SolutionGuid = {4B5A8CF6-7F08-4C04-B297-9C607E201F98}
	EndGlobalSection
EndGlobal
